
Microsoft Visual Studio Solution File, Format Version 12.00
# Visual Studio Version 16
VisualStudioVersion = 16.0.30907.101
MinimumVisualStudioVersion = 10.0.40219.1
Project("{FAE04EC0-301F-11D3-BF4B-00C04F79EFBC}") = "game of life", "game of life.csproj", "{0E8C74C7-53AD-4198-94F1-DC843554B4B3}"
EndProject
Global
	GlobalSection(SolutionConfigurationPlatforms) = preSolution
		Debug|Any CPU = Debug|Any CPU
		Release|Any CPU = Release|Any CPU
	EndGlobalSection
	GlobalSection(ProjectConfigurationPlatforms) = postSolution
		{0E8C74C7-53AD-4198-94F1-DC843554B4B3}.Debug|Any CPU.ActiveCfg = Debug|Any CPU
		{0E8C74C7-53AD-4198-94F1-DC843554B4B3}.Debug|Any CPU.Build.0 = Debug|Any CPU
		{0E8C74C7-53AD-4198-94F1-DC843554B4B3}.Release|Any CPU.ActiveCfg = Release|Any CPU
		{0E8C74C7-53AD-4198-94F1-DC843554B4B3}.Release|Any CPU.Build.0 = Release|Any CPU
	EndGlobalSection
	GlobalSection(SolutionProperties) = preSolution
		HideSolutionNode = FALSE
	EndGlobalSection
	GlobalSection(ExtensibilityGlobals) = postSolution
		SolutionGuid = {EC6AB443-ACFE-4306-B065-AEE737F60080}
	EndGlobalSection
EndGlobal
